
Microsoft Visual Studio Solution File, Format Version 12.00
# Visual Studio 2012
Project("{FAE04EC0-301F-11D3-BF4B-00C04F79EFBC}") = "COCOTS", "COCOTS.csproj", "{50CDB300-38B3-4D31-B599-1E73B3710C04}"
EndProject
Project("{FAE04EC0-301F-11D3-BF4B-00C04F79EFBC}") = "CocoTS.Test", "..\CocoTS.Test\CocoTS.Test.csproj", "{3C910049-1C7F-4907-9E98-15B739738FE8}"
EndProject
Project("{2150E333-8FDC-42A3-9474-1A3956D46DE8}") = ".nuget", ".nuget", "{65C4D72B-034A-4CC8-9A94-50E4489FB58E}"
	ProjectSection(SolutionItems) = preProject
		.nuget\packages.config = .nuget\packages.config
	EndProjectSection
EndProject
Project("{FAE04EC0-301F-11D3-BF4B-00C04F79EFBC}") = "CocoTSHtml", "..\CocoTSHtml\CocoTSHtml.csproj", "{E3C0E538-7B16-4131-A2DD-98BD0BB6ECC7}"
EndProject
Global
	GlobalSection(SolutionConfigurationPlatforms) = preSolution
		Debug|Any CPU = Debug|Any CPU
		Release|Any CPU = Release|Any CPU
	EndGlobalSection
	GlobalSection(ProjectConfigurationPlatforms) = postSolution
		{50CDB300-38B3-4D31-B599-1E73B3710C04}.Debug|Any CPU.ActiveCfg = Debug|Any CPU
		{50CDB300-38B3-4D31-B599-1E73B3710C04}.Debug|Any CPU.Build.0 = Debug|Any CPU
		{50CDB300-38B3-4D31-B599-1E73B3710C04}.Release|Any CPU.ActiveCfg = Release|Any CPU
		{50CDB300-38B3-4D31-B599-1E73B3710C04}.Release|Any CPU.Build.0 = Release|Any CPU
		{3C910049-1C7F-4907-9E98-15B739738FE8}.Debug|Any CPU.ActiveCfg = Debug|Any CPU
		{3C910049-1C7F-4907-9E98-15B739738FE8}.Debug|Any CPU.Build.0 = Debug|Any CPU
		{3C910049-1C7F-4907-9E98-15B739738FE8}.Release|Any CPU.ActiveCfg = Release|Any CPU
		{3C910049-1C7F-4907-9E98-15B739738FE8}.Release|Any CPU.Build.0 = Release|Any CPU
		{E3C0E538-7B16-4131-A2DD-98BD0BB6ECC7}.Debug|Any CPU.ActiveCfg = Debug|Any CPU
		{E3C0E538-7B16-4131-A2DD-98BD0BB6ECC7}.Debug|Any CPU.Build.0 = Debug|Any CPU
		{E3C0E538-7B16-4131-A2DD-98BD0BB6ECC7}.Release|Any CPU.ActiveCfg = Release|Any CPU
		{E3C0E538-7B16-4131-A2DD-98BD0BB6ECC7}.Release|Any CPU.Build.0 = Release|Any CPU
	EndGlobalSection
	GlobalSection(SolutionProperties) = preSolution
		HideSolutionNode = FALSE
	EndGlobalSection
EndGlobal
